# This file is automatically @generated by Cargo.
# It is not intended for manual editing.
version = 3

[[package]]
name = "environment-cleaner"
version = "0.1.0"
dependencies = [
 "powershell_script",
]

[[package]]
name = "powershell_script"
version = "0.2.1"
source = "registry+https://github.com/rust-lang/crates.io-index"
checksum = "36d62894f5590e88d99d0d82918742ba8e5bff1985af15d4906b6a65f635adb2"
